
Microsoft Visual Studio Solution File, Format Version 12.00
# Visual Studio 15
VisualStudioVersion = 15.0.28307.106
MinimumVisualStudioVersion = 10.0.40219.1
Project("{8BC9CEB8-8B4A-11D0-8D11-00A0C91BC942}") = "Pytorch_Project", "Pytorch_Project\Pytorch_Project.vcxproj", "{56ED4259-0B13-4061-ADD1-4E76C40180B3}"
EndProject
Global
	GlobalSection(SolutionConfigurationPlatforms) = preSolution
		Debug|x64 = Debug|x64
		Debug|x86 = Debug|x86
		Pytorch1.0_Project|x64 = Pytorch1.0_Project|x64
		Pytorch1.0_Project|x86 = Pytorch1.0_Project|x86
		Release|x64 = Release|x64
		Release|x86 = Release|x86
	EndGlobalSection
	GlobalSection(ProjectConfigurationPlatforms) = postSolution
		{56ED4259-0B13-4061-ADD1-4E76C40180B3}.Debug|x64.ActiveCfg = Debug|x64
		{56ED4259-0B13-4061-ADD1-4E76C40180B3}.Debug|x64.Build.0 = Debug|x64
		{56ED4259-0B13-4061-ADD1-4E76C40180B3}.Debug|x86.ActiveCfg = Debug|Win32
		{56ED4259-0B13-4061-ADD1-4E76C40180B3}.Debug|x86.Build.0 = Debug|Win32
		{56ED4259-0B13-4061-ADD1-4E76C40180B3}.Pytorch1.0_Project|x64.ActiveCfg = Pytorch1.0_Project|x64
		{56ED4259-0B13-4061-ADD1-4E76C40180B3}.Pytorch1.0_Project|x64.Build.0 = Pytorch1.0_Project|x64
		{56ED4259-0B13-4061-ADD1-4E76C40180B3}.Pytorch1.0_Project|x86.ActiveCfg = Pytorch1.0_Project|Win32
		{56ED4259-0B13-4061-ADD1-4E76C40180B3}.Pytorch1.0_Project|x86.Build.0 = Pytorch1.0_Project|Win32
		{56ED4259-0B13-4061-ADD1-4E76C40180B3}.Release|x64.ActiveCfg = Release|x64
		{56ED4259-0B13-4061-ADD1-4E76C40180B3}.Release|x64.Build.0 = Release|x64
		{56ED4259-0B13-4061-ADD1-4E76C40180B3}.Release|x86.ActiveCfg = Release|Win32
		{56ED4259-0B13-4061-ADD1-4E76C40180B3}.Release|x86.Build.0 = Release|Win32
	EndGlobalSection
	GlobalSection(SolutionProperties) = preSolution
		HideSolutionNode = FALSE
	EndGlobalSection
	GlobalSection(ExtensibilityGlobals) = postSolution
		SolutionGuid = {B8C978D1-05E9-4940-85DB-CA3DB9960D2E}
	EndGlobalSection
EndGlobal
